{
  "name": "frontend",
  "lockfileVersion": 3,
  "requires": true,
  "packages": {
    "": {
      "dependencies": {
        "@techstark/opencv-js": "^4.12.0-release.1"
      }
    },
    "node_modules/@techstark/opencv-js": {
      "version": "4.12.0-release.1",
      "resolved": "https://registry.npmjs.org/@techstark/opencv-js/-/opencv-js-4.12.0-release.1.tgz",
      "integrity": "sha512-LtTaph9v/HqLPXEg3m1xs2h7QJh10pUpuDT0nj8g77lelWnTwwQrehtd+fXElLOdrkqc4Fea6Z/sJBvEJLYPfw==",
      "license": "Apache-2.0"
    }
  }
}
